
Microsoft Visual Studio Solution File, Format Version 12.00
# Visual Studio 14
VisualStudioVersion = 14.0.23107.0
MinimumVisualStudioVersion = 10.0.40219.1
Project("{FAE04EC0-301F-11D3-BF4B-00C04F79EFBC}") = "ConsoleSolution", "ConsoleSolution\ConsoleSolution.csproj", "{BC6CD1A8-062B-42FD-AEC4-0449A2380738}"
EndProject
Project("{FAE04EC0-301F-11D3-BF4B-00C04F79EFBC}") = "CodeIQ1621", "CodeIQ1621\CodeIQ1621.csproj", "{24F5CC3A-0501-4BE4-9D9D-98620FCB269F}"
EndProject
Project("{FAE04EC0-301F-11D3-BF4B-00C04F79EFBC}") = "CodeIQ1597", "CodeIQ1597\CodeIQ1597.csproj", "{B4FF8A7A-A22F-47C6-8B74-876BE67A4B19}"
EndProject
Project("{FAE04EC0-301F-11D3-BF4B-00C04F79EFBC}") = "CodeIQ1632", "CodeIQ1632\CodeIQ1632.csproj", "{4F159228-65A1-4215-9FF3-F4C406F3326F}"
EndProject
Project("{FAE04EC0-301F-11D3-BF4B-00C04F79EFBC}") = "CodeIQ1630", "CodeIQ1630\CodeIQ1630.csproj", "{99716246-B039-4C97-ADFF-A03F74043286}"
EndProject
Project("{FAE04EC0-301F-11D3-BF4B-00C04F79EFBC}") = "CodeIQ1629", "CodeIQ1629\CodeIQ1629.csproj", "{B3308A3C-B9E7-4F36-9EA9-0CF32FB7253C}"
EndProject
Project("{FAE04EC0-301F-11D3-BF4B-00C04F79EFBC}") = "CodeIQ2006", "CodeIQ2006\CodeIQ2006.csproj", "{D1B54706-B1C0-4AF6-A9D0-24FDF2DBE9F1}"
EndProject
Project("{FAE04EC0-301F-11D3-BF4B-00C04F79EFBC}") = "CodeIQ2029", "CodeIQ2029\CodeIQ2029.csproj", "{2C4FD56E-D1D1-4D5B-A0CF-6881777FEA27}"
EndProject
Project("{FAE04EC0-301F-11D3-BF4B-00C04F79EFBC}") = "CodeIQ1596", "CodeIQ1596\CodeIQ1596.csproj", "{AD3197FB-A9AA-4106-B960-B314EACE9BF2}"
EndProject
Project("{FAE04EC0-301F-11D3-BF4B-00C04F79EFBC}") = "CodeIQ2024", "CodeIQ2024\CodeIQ2024.csproj", "{91387974-47D2-4497-8E12-2D3A3A2FBF4E}"
EndProject
Project("{FAE04EC0-301F-11D3-BF4B-00C04F79EFBC}") = "paiza94", "paiza94\paiza94.csproj", "{BA87F953-5B24-4E9F-8DE8-C8F8399B3B19}"
EndProject
Project("{FAE04EC0-301F-11D3-BF4B-00C04F79EFBC}") = "piaza92", "piaza92\piaza92.csproj", "{40C1001F-14DA-4ABB-9B3F-303EF2DA08F2}"
EndProject
Project("{FAE04EC0-301F-11D3-BF4B-00C04F79EFBC}") = "paiza90", "paiza90\paiza90.csproj", "{B6587442-E42E-4D0B-8C7A-2567B2789702}"
EndProject
Project("{FAE04EC0-301F-11D3-BF4B-00C04F79EFBC}") = "paiza86", "paiza86\paiza86.csproj", "{72BC1D0E-8702-4B99-AD30-903AE6C41B4B}"
EndProject
Project("{FAE04EC0-301F-11D3-BF4B-00C04F79EFBC}") = "piasza91", "piasza91\piasza91.csproj", "{08090E8F-B571-40D7-A67B-B94B198B80CC}"
EndProject
Global
	GlobalSection(SolutionConfigurationPlatforms) = preSolution
		Debug|Any CPU = Debug|Any CPU
		Release|Any CPU = Release|Any CPU
	EndGlobalSection
	GlobalSection(ProjectConfigurationPlatforms) = postSolution
		{BC6CD1A8-062B-42FD-AEC4-0449A2380738}.Debug|Any CPU.ActiveCfg = Debug|Any CPU
		{BC6CD1A8-062B-42FD-AEC4-0449A2380738}.Debug|Any CPU.Build.0 = Debug|Any CPU
		{BC6CD1A8-062B-42FD-AEC4-0449A2380738}.Release|Any CPU.ActiveCfg = Release|Any CPU
		{BC6CD1A8-062B-42FD-AEC4-0449A2380738}.Release|Any CPU.Build.0 = Release|Any CPU
		{24F5CC3A-0501-4BE4-9D9D-98620FCB269F}.Debug|Any CPU.ActiveCfg = Debug|Any CPU
		{24F5CC3A-0501-4BE4-9D9D-98620FCB269F}.Debug|Any CPU.Build.0 = Debug|Any CPU
		{24F5CC3A-0501-4BE4-9D9D-98620FCB269F}.Release|Any CPU.ActiveCfg = Release|Any CPU
		{24F5CC3A-0501-4BE4-9D9D-98620FCB269F}.Release|Any CPU.Build.0 = Release|Any CPU
		{B4FF8A7A-A22F-47C6-8B74-876BE67A4B19}.Debug|Any CPU.ActiveCfg = Debug|Any CPU
		{B4FF8A7A-A22F-47C6-8B74-876BE67A4B19}.Debug|Any CPU.Build.0 = Debug|Any CPU
		{B4FF8A7A-A22F-47C6-8B74-876BE67A4B19}.Release|Any CPU.ActiveCfg = Release|Any CPU
		{B4FF8A7A-A22F-47C6-8B74-876BE67A4B19}.Release|Any CPU.Build.0 = Release|Any CPU
		{4F159228-65A1-4215-9FF3-F4C406F3326F}.Debug|Any CPU.ActiveCfg = Debug|Any CPU
		{4F159228-65A1-4215-9FF3-F4C406F3326F}.Debug|Any CPU.Build.0 = Debug|Any CPU
		{4F159228-65A1-4215-9FF3-F4C406F3326F}.Release|Any CPU.ActiveCfg = Release|Any CPU
		{4F159228-65A1-4215-9FF3-F4C406F3326F}.Release|Any CPU.Build.0 = Release|Any CPU
		{99716246-B039-4C97-ADFF-A03F74043286}.Debug|Any CPU.ActiveCfg = Debug|Any CPU
		{99716246-B039-4C97-ADFF-A03F74043286}.Debug|Any CPU.Build.0 = Debug|Any CPU
		{99716246-B039-4C97-ADFF-A03F74043286}.Release|Any CPU.ActiveCfg = Release|Any CPU
		{99716246-B039-4C97-ADFF-A03F74043286}.Release|Any CPU.Build.0 = Release|Any CPU
		{B3308A3C-B9E7-4F36-9EA9-0CF32FB7253C}.Debug|Any CPU.ActiveCfg = Debug|Any CPU
		{B3308A3C-B9E7-4F36-9EA9-0CF32FB7253C}.Debug|Any CPU.Build.0 = Debug|Any CPU
		{B3308A3C-B9E7-4F36-9EA9-0CF32FB7253C}.Release|Any CPU.ActiveCfg = Release|Any CPU
		{B3308A3C-B9E7-4F36-9EA9-0CF32FB7253C}.Release|Any CPU.Build.0 = Release|Any CPU
		{D1B54706-B1C0-4AF6-A9D0-24FDF2DBE9F1}.Debug|Any CPU.ActiveCfg = Debug|Any CPU
		{D1B54706-B1C0-4AF6-A9D0-24FDF2DBE9F1}.Debug|Any CPU.Build.0 = Debug|Any CPU
		{D1B54706-B1C0-4AF6-A9D0-24FDF2DBE9F1}.Release|Any CPU.ActiveCfg = Release|Any CPU
		{D1B54706-B1C0-4AF6-A9D0-24FDF2DBE9F1}.Release|Any CPU.Build.0 = Release|Any CPU
		{2C4FD56E-D1D1-4D5B-A0CF-6881777FEA27}.Debug|Any CPU.ActiveCfg = Debug|Any CPU
		{2C4FD56E-D1D1-4D5B-A0CF-6881777FEA27}.Debug|Any CPU.Build.0 = Debug|Any CPU
		{2C4FD56E-D1D1-4D5B-A0CF-6881777FEA27}.Release|Any CPU.ActiveCfg = Release|Any CPU
		{2C4FD56E-D1D1-4D5B-A0CF-6881777FEA27}.Release|Any CPU.Build.0 = Release|Any CPU
		{AD3197FB-A9AA-4106-B960-B314EACE9BF2}.Debug|Any CPU.ActiveCfg = Debug|Any CPU
		{AD3197FB-A9AA-4106-B960-B314EACE9BF2}.Debug|Any CPU.Build.0 = Debug|Any CPU
		{AD3197FB-A9AA-4106-B960-B314EACE9BF2}.Release|Any CPU.ActiveCfg = Release|Any CPU
		{AD3197FB-A9AA-4106-B960-B314EACE9BF2}.Release|Any CPU.Build.0 = Release|Any CPU
		{91387974-47D2-4497-8E12-2D3A3A2FBF4E}.Debug|Any CPU.ActiveCfg = Debug|Any CPU
		{91387974-47D2-4497-8E12-2D3A3A2FBF4E}.Debug|Any CPU.Build.0 = Debug|Any CPU
		{91387974-47D2-4497-8E12-2D3A3A2FBF4E}.Release|Any CPU.ActiveCfg = Release|Any CPU
		{91387974-47D2-4497-8E12-2D3A3A2FBF4E}.Release|Any CPU.Build.0 = Release|Any CPU
		{BA87F953-5B24-4E9F-8DE8-C8F8399B3B19}.Debug|Any CPU.ActiveCfg = Debug|Any CPU
		{BA87F953-5B24-4E9F-8DE8-C8F8399B3B19}.Debug|Any CPU.Build.0 = Debug|Any CPU
		{BA87F953-5B24-4E9F-8DE8-C8F8399B3B19}.Release|Any CPU.ActiveCfg = Release|Any CPU
		{BA87F953-5B24-4E9F-8DE8-C8F8399B3B19}.Release|Any CPU.Build.0 = Release|Any CPU
		{40C1001F-14DA-4ABB-9B3F-303EF2DA08F2}.Debug|Any CPU.ActiveCfg = Debug|Any CPU
		{40C1001F-14DA-4ABB-9B3F-303EF2DA08F2}.Debug|Any CPU.Build.0 = Debug|Any CPU
		{40C1001F-14DA-4ABB-9B3F-303EF2DA08F2}.Release|Any CPU.ActiveCfg = Release|Any CPU
		{40C1001F-14DA-4ABB-9B3F-303EF2DA08F2}.Release|Any CPU.Build.0 = Release|Any CPU
		{B6587442-E42E-4D0B-8C7A-2567B2789702}.Debug|Any CPU.ActiveCfg = Debug|Any CPU
		{B6587442-E42E-4D0B-8C7A-2567B2789702}.Debug|Any CPU.Build.0 = Debug|Any CPU
		{B6587442-E42E-4D0B-8C7A-2567B2789702}.Release|Any CPU.ActiveCfg = Release|Any CPU
		{B6587442-E42E-4D0B-8C7A-2567B2789702}.Release|Any CPU.Build.0 = Release|Any CPU
		{72BC1D0E-8702-4B99-AD30-903AE6C41B4B}.Debug|Any CPU.ActiveCfg = Debug|Any CPU
		{72BC1D0E-8702-4B99-AD30-903AE6C41B4B}.Debug|Any CPU.Build.0 = Debug|Any CPU
		{72BC1D0E-8702-4B99-AD30-903AE6C41B4B}.Release|Any CPU.ActiveCfg = Release|Any CPU
		{72BC1D0E-8702-4B99-AD30-903AE6C41B4B}.Release|Any CPU.Build.0 = Release|Any CPU
		{08090E8F-B571-40D7-A67B-B94B198B80CC}.Debug|Any CPU.ActiveCfg = Debug|Any CPU
		{08090E8F-B571-40D7-A67B-B94B198B80CC}.Debug|Any CPU.Build.0 = Debug|Any CPU
		{08090E8F-B571-40D7-A67B-B94B198B80CC}.Release|Any CPU.ActiveCfg = Release|Any CPU
		{08090E8F-B571-40D7-A67B-B94B198B80CC}.Release|Any CPU.Build.0 = Release|Any CPU
	EndGlobalSection
	GlobalSection(SolutionProperties) = preSolution
		HideSolutionNode = FALSE
	EndGlobalSection
EndGlobal
